<?xml version="1.0" encoding="utf-8"?>
<Project ToolsVersion="4.0" xmlns="http://schemas.microsoft.com/developer/msbuild/2003">
  <ItemGroup>
    <Filter Include="Source Files">
      <UniqueIdentifier>{4FC737F1-C7A5-4376-A066-2A32D752A2FF}</UniqueIdentifier>
      <Extensions>cpp;c;cc;cxx;c++;cppm;ixx;def;odl;idl;hpj;bat;asm;asmx</Extensions>
    </Filter>
    <Filter Include="Header Files">
      <UniqueIdentifier>{93995380-89BD-4b04-88EB-625FBE52EBFB}</UniqueIdentifier>
      <Extensions>h;hh;hpp;hxx;h++;hm;inl;inc;ipp;xsd</Extensions>
    </Filter>
    <Filter Include="Resource Files">
      <UniqueIdentifier>{67DA6AB6-F800-4c08-8B7A-83BB121AAD01}</UniqueIdentifier>
      <Extensions>rc;ico;cur;bmp;dlg;rc2;rct;bin;rgs;gif;jpg;jpeg;jpe;resx;tiff;tif;png;wav;mfcribbon-ms</Extensions>
    </Filter>
  </ItemGroup>
  <ItemGroup>
    <ClCompile Include="src\Main.cpp">
      <Filter>Source Files</Filter>
    </ClCompile>
    <ClCompile Include="src\SurrealStudio\src\Core\Application.cpp">
      <Filter>Source Files</Filter>
    </ClCompile>
    <ClCompile Include="src\SurrealStudio\src\Core\SurrealStudioMainWindow.cpp">
      <Filter>Source Files</Filter>
    </ClCompile>
    <ClCompile Include="src\SurrealStudio2D\src\SS2DMain.cpp">
      <Filter>Source Files</Filter>
    </ClCompile>
    <ClCompile Include="src\SurrealStudio2D\src\Core\Scene\Scene.cpp">
      <Filter>Source Files</Filter>
    </ClCompile>
    <ClCompile Include="src\SurrealStudio2D\src\Core\Scene\Subscene.cpp">
      <Filter>Source Files</Filter>
    </ClCompile>
    <ClCompile Include="src\SurrealStudio2D\src\Core\Scene\World.cpp">
      <Filter>Source Files</Filter>
    </ClCompile>
    <ClCompile Include="src\SurrealStudio2D\src\Core\SS2DUI\Panels\SceneManagerPanel.cpp">
      <Filter>Source Files</Filter>
    </ClCompile>
    <ClCompile Include="src\SurrealStudio2D\src\Core\SS2DUI\Panels\ObjectSettingsPanel.cpp">
      <Filter>Source Files</Filter>
    </ClCompile>
    <ClCompile Include="src\SurrealStudio2D\src\Core\SS2DUI\Panels\UHRSRPSettingsPanel.cpp">
      <Filter>Source Files</Filter>
    </ClCompile>
    <ClCompile Include="src\SurrealRenderer\src\Renderer2D\UHRSRP2D\UHRSRP2D.cpp">
      <Filter>Source Files</Filter>
    </ClCompile>
    <ClCompile Include="src\SurrealRenderer\src\Renderer2D\UHRSRP2D\UHRSRPCustomLights.cpp">
      <Filter>Source Files</Filter>
    </ClCompile>
    <ClCompile Include="src\SurrealGameScriptIDE\src\SGSIDEMainWindow.cpp">
      <Filter>Source Files</Filter>
    </ClCompile>
    <ClCompile Include="src\SurrealGameScriptIDE\src\SGSIDE_Panels\SGSIDESSScriptExplorerPanel.cpp">
      <Filter>Source Files</Filter>
    </ClCompile>
    <ClCompile Include="src\SurrealStudio2D\src\Core\SS2DUI\Panels\SS2DWorldCanvasPanel.cpp">
      <Filter>Source Files</Filter>
    </ClCompile>
    <ClCompile Include="src\SurrealRenderer\src\Renderer2D\RendererRenderObject.cpp">
      <Filter>Source Files</Filter>
    </ClCompile>
    <ClCompile Include="src\SurrealRenderer\src\Renderer2D\Renderer2D.cpp">
      <Filter>Source Files</Filter>
    </ClCompile>
    <ClCompile Include="src\SurrealStudio2D\src\Core\Camera2D.cpp">
      <Filter>Source Files</Filter>
    </ClCompile>
    <ClCompile Include="src\SurrealStudio3D\src\SS3DMain.cpp">
      <Filter>Source Files</Filter>
    </ClCompile>
    <ClCompile Include="src\SurrealStudio3D\src\Core\SS3DUI\SS3DMainEngineWindow.cpp">
      <Filter>Source Files</Filter>
    </ClCompile>
    <ClCompile Include="src\SurrealStudio3D\src\Core\AssetManagement\AssetManager.cpp">
      <Filter>Source Files</Filter>
    </ClCompile>
    <ClCompile Include="src\SurrealStudio3D\src\Core\SS3DUI\Panels\SceneManagerPanel3D.cpp">
      <Filter>Source Files</Filter>
    </ClCompile>
    <ClCompile Include="src\SurrealStudio3D\src\Core\SS3DUI\Panels\ObjectSettingsPanel3D.cpp">
      <Filter>Source Files</Filter>
    </ClCompile>
    <ClCompile Include="src\SurrealStudio3D\src\Core\SS3DUI\SS3DMainTitleBar.cpp">
      <Filter>Source Files</Filter>
    </ClCompile>
    <ClCompile Include="src\SurrealStudio3D\src\Core\ECS\Object3D.cpp">
      <Filter>Source Files</Filter>
    </ClCompile>
    <ClCompile Include="src\SurrealStudio3D\src\Core\ECS\Component3D.cpp">
      <Filter>Source Files</Filter>
    </ClCompile>
    <ClCompile Include="src\SurrealStudio3D\src\Core\ECS\System3D.cpp">
      <Filter>Source Files</Filter>
    </ClCompile>
    <ClCompile Include="src\SurrealStudio3D\src\Core\Scene\Scene3D.cpp">
      <Filter>Source Files</Filter>
    </ClCompile>
    <ClCompile Include="src\SurrealStudio3D\src\Core\Scene\Subscene3D.cpp">
      <Filter>Source Files</Filter>
    </ClCompile>
    <ClCompile Include="src\SurrealStudio3D\src\Core\Scene\World3D.cpp">
      <Filter>Source Files</Filter>
    </ClCompile>
    <ClCompile Include="src\SurrealStudio3D\src\Core\SS3DInputSystem.cpp">
      <Filter>Source Files</Filter>
    </ClCompile>
    <ClCompile Include="src\SurrealStudio3D\src\Core\SS3DUI\Panels\ComponentManagerPanel3D.h">
      <Filter>Source Files</Filter>
    </ClCompile>
    <ClCompile Include="src\SurrealStudio3D\src\Core\SS3DUI\Panels\ComponentManager3D.cpp">
      <Filter>Source Files</Filter>
    </ClCompile>
    <ClCompile Include="src\SurrealRenderer\src\RendererCore\Shader.cpp">
      <Filter>Source Files</Filter>
    </ClCompile>
  </ItemGroup>
  <ItemGroup>
    <ClInclude Include="src\SurrealStudio\src\Core\Application.h">
      <Filter>Header Files</Filter>
    </ClInclude>
    <ClInclude Include="src\SurrealStudio\src\Core\SSEngineDefines.h">
      <Filter>Header Files</Filter>
    </ClInclude>
    <ClInclude Include="src\SurrealStudio\src\Core\SurrealStudioMainWindow.h">
      <Filter>Header Files</Filter>
    </ClInclude>
    <ClInclude Include="src\SurrealStudio2D\src\Core\SS2DEngineDefines.h">
      <Filter>Header Files</Filter>
    </ClInclude>
    <ClInclude Include="src\SurrealStudio2D\src\Core\Scene\Scene.h">
      <Filter>Header Files</Filter>
    </ClInclude>
    <ClInclude Include="src\SurrealStudio2D\src\Core\Scene\Subscene.h">
      <Filter>Header Files</Filter>
    </ClInclude>
    <ClInclude Include="src\SurrealStudio2D\src\Core\Scene\World.h">
      <Filter>Header Files</Filter>
    </ClInclude>
    <ClInclude Include="src\SurrealStudio2D\src\Core\SS2DUI\Panels\SceneManagerPanel.h">
      <Filter>Header Files</Filter>
    </ClInclude>
    <ClInclude Include="src\SurrealStudio2D\src\Core\SS2DUI\Panels\ObjectSettingsPanel.h">
      <Filter>Header Files</Filter>
    </ClInclude>
    <ClInclude Include="src\SurrealStudio2D\src\Core\SS2DUI\Panels\UHRSRPSettingsPanel.h">
      <Filter>Header Files</Filter>
    </ClInclude>
    <ClInclude Include="src\SurrealRenderer\src\Renderer2D\UHRSRP2D\UHRSRP2D.h">
      <Filter>Header Files</Filter>
    </ClInclude>
    <ClInclude Include="src\SurrealRenderer\src\Renderer2D\UHRSRP2D\UHRSRPCustomLights.h">
      <Filter>Header Files</Filter>
    </ClInclude>
    <ClInclude Include="src\SurrealGameScriptIDE\src\SGSIDEMainWindow.h">
      <Filter>Header Files</Filter>
    </ClInclude>
    <ClInclude Include="src\SurrealGameScriptIDE\src\SGSIDE_Panels\SGSIDESSScriptExplorerPanel.h">
      <Filter>Header Files</Filter>
    </ClInclude>
    <ClInclude Include="src\SurrealStudio2D\src\Core\SS2DUI\Panels\SS2D_Nodes\AnimationNodes\AnimationNodesBase.h">
      <Filter>Header Files</Filter>
    </ClInclude>
    <ClInclude Include="src\SurrealStudio2D\src\Core\SS2DUI\Panels\SS2D_Nodes\SS2D_NodeBase.h">
      <Filter>Header Files</Filter>
    </ClInclude>
    <ClInclude Include="src\SurrealStudio2D\src\Core\SS2DUI\Panels\SS2DWorldCanvasPanel.h">
      <Filter>Header Files</Filter>
    </ClInclude>
    <ClInclude Include="src\SurrealRenderer\src\Renderer2D\RendererRenderObject.h">
      <Filter>Header Files</Filter>
    </ClInclude>
    <ClInclude Include="src\SurrealRenderer\src\Renderer2D\Renderer2D.h">
      <Filter>Header Files</Filter>
    </ClInclude>
    <ClInclude Include="src\SurrealStudio2D\src\Core\Camera2D.h">
      <Filter>Header Files</Filter>
    </ClInclude>
    <ClInclude Include="src\SurrealStudio3D\src\SS3DEngineDefines.h">
      <Filter>Header Files</Filter>
    </ClInclude>
    <ClInclude Include="src\SurrealStudio3D\src\Core\SS3DUI\SS3DMainEngineWindow.h">
      <Filter>Header Files</Filter>
    </ClInclude>
    <ClInclude Include="src\SurrealStudio3D\src\Core\AssetManagement\Asset.h">
      <Filter>Header Files</Filter>
    </ClInclude>
    <ClInclude Include="src\SurrealStudio3D\src\Core\AssetManagement\AssetManager.h">
      <Filter>Header Files</Filter>
    </ClInclude>
    <ClInclude Include="src\SurrealStudio3D\src\Core\SS3DUI\Panels\SceneManagerPanel3D.h">
      <Filter>Header Files</Filter>
    </ClInclude>
    <ClInclude Include="src\SurrealStudio3D\src\Core\SS3DUI\Panels\ObjectSettingsPanel3D.h">
      <Filter>Header Files</Filter>
    </ClInclude>
    <ClInclude Include="src\SurrealStudio3D\src\Core\SS3DUI\SS3DMainTitleBar.h">
      <Filter>Header Files</Filter>
    </ClInclude>
    <ClInclude Include="src\SurrealStudio3D\src\Core\ECS\Object3D.h">
      <Filter>Header Files</Filter>
    </ClInclude>
    <ClInclude Include="src\SurrealStudio3D\src\Core\ECS\Component3D.h">
      <Filter>Header Files</Filter>
    </ClInclude>
    <ClInclude Include="src\SurrealStudio3D\src\Core\ECS\System3D.h">
      <Filter>Header Files</Filter>
    </ClInclude>
    <ClInclude Include="src\SurrealStudio3D\src\Core\Scene\Scene3D.h">
      <Filter>Header Files</Filter>
    </ClInclude>
    <ClInclude Include="src\SurrealStudio3D\src\Core\Scene\Subscene3D.h">
      <Filter>Header Files</Filter>
    </ClInclude>
    <ClInclude Include="src\SurrealStudio3D\src\Core\Scene\World3D.h">
      <Filter>Header Files</Filter>
    </ClInclude>
    <ClInclude Include="src\SurrealStudio3D\src\Core\SS3DInputSystem.h">
      <Filter>Header Files</Filter>
    </ClInclude>
    <ClInclude Include="src\SurrealRenderer\src\RendererCore\Shader.h">
      <Filter>Header Files</Filter>
    </ClInclude>
  </ItemGroup>
</Project>